
Microsoft Visual Studio Solution File, Format Version 12.00
# Visual Studio Version 16
VisualStudioVersion = 16.0.30804.86
MinimumVisualStudioVersion = 10.0.40219.1
Project("{FAE04EC0-301F-11D3-BF4B-00C04F79EFBC}") = "ConfigConsole", "ConfigConsole\ConfigConsole.csproj", "{AC36ABA5-796A-4D27-9644-2DDF6E3E9084}"
EndProject
Project("{FAE04EC0-301F-11D3-BF4B-00C04F79EFBC}") = "ConfigDomain", "ConfigDomain\ConfigDomain.csproj", "{52E21D56-7D5D-4357-9854-0D817B56A822}"
EndProject
Global
	GlobalSection(SolutionConfigurationPlatforms) = preSolution
		Debug|Any CPU = Debug|Any CPU
		Release|Any CPU = Release|Any CPU
	EndGlobalSection
	GlobalSection(ProjectConfigurationPlatforms) = postSolution
		{AC36ABA5-796A-4D27-9644-2DDF6E3E9084}.Debug|Any CPU.ActiveCfg = Debug|Any CPU
		{AC36ABA5-796A-4D27-9644-2DDF6E3E9084}.Debug|Any CPU.Build.0 = Debug|Any CPU
		{AC36ABA5-796A-4D27-9644-2DDF6E3E9084}.Release|Any CPU.ActiveCfg = Release|Any CPU
		{AC36ABA5-796A-4D27-9644-2DDF6E3E9084}.Release|Any CPU.Build.0 = Release|Any CPU
		{52E21D56-7D5D-4357-9854-0D817B56A822}.Debug|Any CPU.ActiveCfg = Debug|Any CPU
		{52E21D56-7D5D-4357-9854-0D817B56A822}.Debug|Any CPU.Build.0 = Debug|Any CPU
		{52E21D56-7D5D-4357-9854-0D817B56A822}.Release|Any CPU.ActiveCfg = Release|Any CPU
		{52E21D56-7D5D-4357-9854-0D817B56A822}.Release|Any CPU.Build.0 = Release|Any CPU
	EndGlobalSection
	GlobalSection(SolutionProperties) = preSolution
		HideSolutionNode = FALSE
	EndGlobalSection
	GlobalSection(ExtensibilityGlobals) = postSolution
		SolutionGuid = {024BBC33-08E1-4CE9-A16B-86E52AC364E1}
	EndGlobalSection
EndGlobal
